
Microsoft Visual Studio Solution File, Format Version 12.00
# Visual Studio 15
VisualStudioVersion = 15.0.27703.2026
MinimumVisualStudioVersion = 10.0.40219.1
Project("{FAE04EC0-301F-11D3-BF4B-00C04F79EFBC}") = "Class_3.3", "Class_3.3\Class_3.3.csproj", "{DE3A2A23-9795-4501-8A4E-7DBB5A97BE7F}"
EndProject
Global
	GlobalSection(SolutionConfigurationPlatforms) = preSolution
		Debug|Any CPU = Debug|Any CPU
		Release|Any CPU = Release|Any CPU
	EndGlobalSection
	GlobalSection(ProjectConfigurationPlatforms) = postSolution
		{DE3A2A23-9795-4501-8A4E-7DBB5A97BE7F}.Debug|Any CPU.ActiveCfg = Debug|Any CPU
		{DE3A2A23-9795-4501-8A4E-7DBB5A97BE7F}.Debug|Any CPU.Build.0 = Debug|Any CPU
		{DE3A2A23-9795-4501-8A4E-7DBB5A97BE7F}.Release|Any CPU.ActiveCfg = Release|Any CPU
		{DE3A2A23-9795-4501-8A4E-7DBB5A97BE7F}.Release|Any CPU.Build.0 = Release|Any CPU
	EndGlobalSection
	GlobalSection(SolutionProperties) = preSolution
		HideSolutionNode = FALSE
	EndGlobalSection
	GlobalSection(ExtensibilityGlobals) = postSolution
		SolutionGuid = {62A41EF6-655B-48C1-9282-6EA7052640AE}
	EndGlobalSection
EndGlobal
